
Microsoft Visual Studio Solution File, Format Version 12.00
# Visual Studio Version 17
VisualStudioVersion = 17.3.32825.248
MinimumVisualStudioVersion = 10.0.40219.1
Project("{8BC9CEB8-8B4A-11D0-8D11-00A0C91BC942}") = "Guessing_Game", "Guessing_Game.vcxproj", "{B0781F46-7E5A-4D11-9D24-F74E09C0EF32}"
EndProject
Global
	GlobalSection(SolutionConfigurationPlatforms) = preSolution
		Debug|x64 = Debug|x64
		Debug|x86 = Debug|x86
		Release|x64 = Release|x64
		Release|x86 = Release|x86
	EndGlobalSection
	GlobalSection(ProjectConfigurationPlatforms) = postSolution
		{B0781F46-7E5A-4D11-9D24-F74E09C0EF32}.Debug|x64.ActiveCfg = Debug|x64
		{B0781F46-7E5A-4D11-9D24-F74E09C0EF32}.Debug|x64.Build.0 = Debug|x64
		{B0781F46-7E5A-4D11-9D24-F74E09C0EF32}.Debug|x86.ActiveCfg = Debug|Win32
		{B0781F46-7E5A-4D11-9D24-F74E09C0EF32}.Debug|x86.Build.0 = Debug|Win32
		{B0781F46-7E5A-4D11-9D24-F74E09C0EF32}.Release|x64.ActiveCfg = Release|x64
		{B0781F46-7E5A-4D11-9D24-F74E09C0EF32}.Release|x64.Build.0 = Release|x64
		{B0781F46-7E5A-4D11-9D24-F74E09C0EF32}.Release|x86.ActiveCfg = Release|Win32
		{B0781F46-7E5A-4D11-9D24-F74E09C0EF32}.Release|x86.Build.0 = Release|Win32
	EndGlobalSection
	GlobalSection(SolutionProperties) = preSolution
		HideSolutionNode = FALSE
	EndGlobalSection
	GlobalSection(ExtensibilityGlobals) = postSolution
		SolutionGuid = {A7D0839A-E35A-44A2-A206-5771F1AE8917}
	EndGlobalSection
EndGlobal
